
Microsoft Visual Studio Solution File, Format Version 12.00
Project("{FAE04EC0-301F-11D3-BF4B-00C04F79EFBC}") = "R8.FileMonitor", "R8.FileMonitor\R8.FileMonitor.csproj", "{B8CA245A-2562-49F8-93EA-78B5C5C3D00B}"
EndProject
Project("{FAE04EC0-301F-11D3-BF4B-00C04F79EFBC}") = "R8.FileWatcher.Sample", "R8.FileWatcher.Sample\R8.FileWatcher.Sample.csproj", "{6BCDA277-982C-4A4C-AF9F-61A7D9980F10}"
EndProject
Global
	GlobalSection(SolutionConfigurationPlatforms) = preSolution
		Debug|Any CPU = Debug|Any CPU
		Release|Any CPU = Release|Any CPU
	EndGlobalSection
	GlobalSection(ProjectConfigurationPlatforms) = postSolution
		{B8CA245A-2562-49F8-93EA-78B5C5C3D00B}.Debug|Any CPU.ActiveCfg = Debug|Any CPU
		{B8CA245A-2562-49F8-93EA-78B5C5C3D00B}.Debug|Any CPU.Build.0 = Debug|Any CPU
		{B8CA245A-2562-49F8-93EA-78B5C5C3D00B}.Release|Any CPU.ActiveCfg = Release|Any CPU
		{B8CA245A-2562-49F8-93EA-78B5C5C3D00B}.Release|Any CPU.Build.0 = Release|Any CPU
		{6BCDA277-982C-4A4C-AF9F-61A7D9980F10}.Debug|Any CPU.ActiveCfg = Debug|Any CPU
		{6BCDA277-982C-4A4C-AF9F-61A7D9980F10}.Debug|Any CPU.Build.0 = Debug|Any CPU
		{6BCDA277-982C-4A4C-AF9F-61A7D9980F10}.Release|Any CPU.ActiveCfg = Release|Any CPU
		{6BCDA277-982C-4A4C-AF9F-61A7D9980F10}.Release|Any CPU.Build.0 = Release|Any CPU
	EndGlobalSection
EndGlobal
